
Microsoft Visual Studio Solution File, Format Version 12.00
# Visual Studio Version 17
VisualStudioVersion = 17.5.002.0
MinimumVisualStudioVersion = 10.0.40219.1
Project("{9A19103F-16F7-4668-BE54-9A1E7A4F7556}") = "ReservationService", "ReservationService\ReservationService.csproj", "{D80EA7D9-D4A3-48A2-99C4-F60EF1ECE053}"
EndProject
Global
	GlobalSection(SolutionConfigurationPlatforms) = preSolution
		Debug|Any CPU = Debug|Any CPU
		Release|Any CPU = Release|Any CPU
	EndGlobalSection
	GlobalSection(ProjectConfigurationPlatforms) = postSolution
		{D80EA7D9-D4A3-48A2-99C4-F60EF1ECE053}.Debug|Any CPU.ActiveCfg = Debug|Any CPU
		{D80EA7D9-D4A3-48A2-99C4-F60EF1ECE053}.Debug|Any CPU.Build.0 = Debug|Any CPU
		{D80EA7D9-D4A3-48A2-99C4-F60EF1ECE053}.Release|Any CPU.ActiveCfg = Release|Any CPU
		{D80EA7D9-D4A3-48A2-99C4-F60EF1ECE053}.Release|Any CPU.Build.0 = Release|Any CPU
	EndGlobalSection
	GlobalSection(SolutionProperties) = preSolution
		HideSolutionNode = FALSE
	EndGlobalSection
	GlobalSection(ExtensibilityGlobals) = postSolution
		SolutionGuid = {971CC78A-E474-44D6-BE91-6A319AFDD86C}
	EndGlobalSection
EndGlobal
